{
  "name": "mail",
  "version": "1.0.0",
  "lockfileVersion": 1,
  "requires": true,
  "dependencies": {
    "@selderee/plugin-htmlparser2": {
      "version": "0.6.0",
      "resolved": "https://registry.nlark.com/@selderee/plugin-htmlparser2/download/@selderee/plugin-htmlparser2-0.6.0.tgz",
      "integrity": "sha1-J+mUr9HCy2R861QGoYWlV0GIBp0=",
      "requires": {
        "domhandler": "^4.2.0",
        "selderee": "^0.6.0"
      }
    },
    "base32.js": {
      "version": "0.1.0",
      "resolved": "https://registry.npm.taobao.org/base32.js/download/base32.js-0.1.0.tgz",
      "integrity": "sha1-tYLexpPC8R6JPPBk7mrFthMaIgI="
    },
    "commander": {
      "version": "2.20.3",
      "resolved": "https://registry.npmmirror.com/commander/download/commander-2.20.3.tgz",
      "integrity": "sha1-/UhehMA+tIgcIHIrpIA16FMa6zM="
    },
    "deepmerge": {
      "version": "4.2.2",
      "resolved": "https://registry.npm.taobao.org/deepmerge/download/deepmerge-4.2.2.tgz?cache=0&sync_timestamp=1606805746825&other_urls=https%3A%2F%2Fregistry.npm.taobao.org%2Fdeepmerge%2Fdownload%2Fdeepmerge-4.2.2.tgz",
      "integrity": "sha1-RNLqNnm49NT/ujPwPYZfwee/SVU="
    },
    "discontinuous-range": {
      "version": "1.0.0",
      "resolved": "https://registry.npm.taobao.org/discontinuous-range/download/discontinuous-range-1.0.0.tgz",
      "integrity": "sha1-44Mx8IRLukm5qctxx3FYWqsbxlo="
    },
    "dom-serializer": {
      "version": "1.3.2",
      "resolved": "https://registry.nlark.com/dom-serializer/download/dom-serializer-1.3.2.tgz?cache=0&sync_timestamp=1621256858583&other_urls=https%3A%2F%2Fregistry.nlark.com%2Fdom-serializer%2Fdownload%2Fdom-serializer-1.3.2.tgz",
      "integrity": "sha1-YgZDfTLO767HFhgDIwx6ILwbTZE=",
      "requires": {
        "domelementtype": "^2.0.1",
        "domhandler": "^4.2.0",
        "entities": "^2.0.0"
      }
    },
    "domelementtype": {
      "version": "2.2.0",
      "resolved": "https://registry.npm.taobao.org/domelementtype/download/domelementtype-2.2.0.tgz?cache=0&sync_timestamp=1617298495910&other_urls=https%3A%2F%2Fregistry.npm.taobao.org%2Fdomelementtype%2Fdownload%2Fdomelementtype-2.2.0.tgz",
      "integrity": "sha1-mgtsJ4LtahxzI9QiZxg9+b2LHVc="
    },
    "domhandler": {
      "version": "4.2.2",
      "resolved": "https://registry.nlark.com/domhandler/download/domhandler-4.2.2.tgz?cache=0&sync_timestamp=1630246778110&other_urls=https%3A%2F%2Fregistry.nlark.com%2Fdomhandler%2Fdownload%2Fdomhandler-4.2.2.tgz",
      "integrity": "sha1-6CXXIdGahrjCAaNSZOImxnjudV8=",
      "requires": {
        "domelementtype": "^2.2.0"
      }
    },
    "domutils": {
      "version": "2.8.0",
      "resolved": "https://registry.nlark.com/domutils/download/domutils-2.8.0.tgz",
      "integrity": "sha1-RDfe9dtuLR9dbuhZvZXKfQIEgTU=",
      "requires": {
        "dom-serializer": "^1.0.1",
        "domelementtype": "^2.2.0",
        "domhandler": "^4.2.0"
      }
    },
    "encoding-japanese": {
      "version": "1.0.30",
      "resolved": "https://registry.npm.taobao.org/encoding-japanese/download/encoding-japanese-1.0.30.tgz",
      "integrity": "sha1-U3xNYogXZ5JdYBrLTHn7FNuBcDo="
    },
    "entities": {
      "version": "2.2.0",
      "resolved": "https://registry.nlark.com/entities/download/entities-2.2.0.tgz",
      "integrity": "sha1-CY3JDruD2N/6CJ1VJWs1HTTE2lU="
    },
    "he": {
      "version": "1.2.0",
      "resolved": "https://registry.npm.taobao.org/he/download/he-1.2.0.tgz",
      "integrity": "sha1-hK5l+n6vsWX922FWauFLrwVmTw8="
    },
    "html-to-text": {
      "version": "8.0.0",
      "resolved": "https://registry.npmmirror.com/html-to-text/download/html-to-text-8.0.0.tgz",
      "integrity": "sha1-WEhoGlo41lenu1jPUAbRwp/mTOM=",
      "requires": {
        "@selderee/plugin-htmlparser2": "^0.6.0",
        "deepmerge": "^4.2.2",
        "he": "^1.2.0",
        "htmlparser2": "^6.1.0",
        "minimist": "^1.2.5",
        "selderee": "^0.6.0"
      }
    },
    "htmlparser2": {
      "version": "6.1.0",
      "resolved": "https://registry.nlark.com/htmlparser2/download/htmlparser2-6.1.0.tgz",
      "integrity": "sha1-xNditsM3GgXb5l6UrkOp+EX7j7c=",
      "requires": {
        "domelementtype": "^2.0.1",
        "domhandler": "^4.0.0",
        "domutils": "^2.5.2",
        "entities": "^2.0.0"
      }
    },
    "iconv-lite": {
      "version": "0.6.3",
      "resolved": "https://registry.nlark.com/iconv-lite/download/iconv-lite-0.6.3.tgz?cache=0&other_urls=https%3A%2F%2Fregistry.nlark.com%2Ficonv-lite%2Fdownload%2Ficonv-lite-0.6.3.tgz",
      "integrity": "sha1-pS+AvzjaGVLrXGgXkHGYcaGnJQE=",
      "requires": {
        "safer-buffer": ">= 2.1.2 < 3.0.0"
      }
    },
    "ipv6-normalize": {
      "version": "1.0.1",
      "resolved": "https://registry.npm.taobao.org/ipv6-normalize/download/ipv6-normalize-1.0.1.tgz",
      "integrity": "sha1-GzJYKQ02X6gyOeiZB93kWS52IKg="
    },
    "libbase64": {
      "version": "1.2.1",
      "resolved": "https://registry.npm.taobao.org/libbase64/download/libbase64-1.2.1.tgz",
      "integrity": "sha1-+5O/TLbXMPKbkhVbZAjRvSF2qMg="
    },
    "libmime": {
      "version": "5.0.0",
      "resolved": "https://registry.npm.taobao.org/libmime/download/libmime-5.0.0.tgz",
      "integrity": "sha1-R1nHbrIZmFxdQFezqTWZIhlNn/c=",
      "requires": {
        "encoding-japanese": "1.0.30",
        "iconv-lite": "0.6.2",
        "libbase64": "1.2.1",
        "libqp": "1.1.0"
      },
      "dependencies": {
        "iconv-lite": {
          "version": "0.6.2",
          "resolved": "https://registry.nlark.com/iconv-lite/download/iconv-lite-0.6.2.tgz?cache=0&other_urls=https%3A%2F%2Fregistry.nlark.com%2Ficonv-lite%2Fdownload%2Ficonv-lite-0.6.2.tgz",
          "integrity": "sha1-zhPRh1sMOmdL1qBLf3awGxtt7QE=",
          "requires": {
            "safer-buffer": ">= 2.1.2 < 3.0.0"
          }
        }
      }
    },
    "libqp": {
      "version": "1.1.0",
      "resolved": "https://registry.npm.taobao.org/libqp/download/libqp-1.1.0.tgz",
      "integrity": "sha1-9ebgatdLeU+1tbZpiL9yjvHe2+g="
    },
    "linkify-it": {
      "version": "3.0.3",
      "resolved": "https://registry.npmmirror.com/linkify-it/download/linkify-it-3.0.3.tgz",
      "integrity": "sha1-qYuvRM5FpVDvtNScdp0HUkzC+i4=",
      "requires": {
        "uc.micro": "^1.0.1"
      }
    },
    "mailparser": {
      "version": "3.4.0",
      "resolved": "https://registry.npmmirror.com/mailparser/download/mailparser-3.4.0.tgz",
      "integrity": "sha1-JJhpvFpBr54Oq78AUZd4lEL7rJ4=",
      "requires": {
        "encoding-japanese": "1.0.30",
        "he": "1.2.0",
        "html-to-text": "8.0.0",
        "iconv-lite": "0.6.3",
        "libmime": "5.0.0",
        "linkify-it": "3.0.3",
        "mailsplit": "5.3.1",
        "nodemailer": "6.7.0",
        "tlds": "1.224.0"
      }
    },
    "mailsplit": {
      "version": "5.3.1",
      "resolved": "https://registry.npmmirror.com/mailsplit/download/mailsplit-5.3.1.tgz",
      "integrity": "sha1-3W1cIKe4p2f+nJZJ38sm7gT4TDY=",
      "requires": {
        "libbase64": "1.2.1",
        "libmime": "5.0.0",
        "libqp": "1.1.0"
      }
    },
    "minimist": {
      "version": "1.2.5",
      "resolved": "https://registry.npm.taobao.org/minimist/download/minimist-1.2.5.tgz?cache=0&sync_timestamp=1602337228360&other_urls=https%3A%2F%2Fregistry.npm.taobao.org%2Fminimist%2Fdownload%2Fminimist-1.2.5.tgz",
      "integrity": "sha1-Z9ZgFLZqaoqqDAg8X9WN9OTpdgI="
    },
    "moo": {
      "version": "0.5.1",
      "resolved": "https://registry.npm.taobao.org/moo/download/moo-0.5.1.tgz",
      "integrity": "sha1-eq5/OEubCfYgtqv29067zRtl28Q="
    },
    "nearley": {
      "version": "2.20.1",
      "resolved": "https://registry.npm.taobao.org/nearley/download/nearley-2.20.1.tgz?cache=0&other_urls=https%3A%2F%2Fregistry.npm.taobao.org%2Fnearley%2Fdownload%2Fnearley-2.20.1.tgz",
      "integrity": "sha1-JGzTPv8NAS+vGX/2d016x4rN1HQ=",
      "requires": {
        "commander": "^2.19.0",
        "moo": "^0.5.0",
        "railroad-diagrams": "^1.0.0",
        "randexp": "0.4.6"
      }
    },
    "nodemailer": {
      "version": "6.7.0",
      "resolved": "https://registry.npmmirror.com/nodemailer/download/nodemailer-6.7.0.tgz?cache=0&sync_timestamp=1634008269280&other_urls=https%3A%2F%2Fregistry.npmmirror.com%2Fnodemailer%2Fdownload%2Fnodemailer-6.7.0.tgz",
      "integrity": "sha1-hmFHIsTgwz0bWwKuy5DW1imTKw0="
    },
    "parseley": {
      "version": "0.7.0",
      "resolved": "https://registry.nlark.com/parseley/download/parseley-0.7.0.tgz",
      "integrity": "sha1-mUnjoO0FxQcq2wTwE8KBDPSRcag=",
      "requires": {
        "moo": "^0.5.1",
        "nearley": "^2.20.1"
      }
    },
    "railroad-diagrams": {
      "version": "1.0.0",
      "resolved": "https://registry.npm.taobao.org/railroad-diagrams/download/railroad-diagrams-1.0.0.tgz",
      "integrity": "sha1-635iZ1SN3t+4mcG5Dlc3RVnN234="
    },
    "randexp": {
      "version": "0.4.6",
      "resolved": "https://registry.npm.taobao.org/randexp/download/randexp-0.4.6.tgz",
      "integrity": "sha1-6YatXl4x2uE93W97MBmqfIf2DKM=",
      "requires": {
        "discontinuous-range": "1.0.0",
        "ret": "~0.1.10"
      }
    },
    "ret": {
      "version": "0.1.15",
      "resolved": "https://registry.npm.taobao.org/ret/download/ret-0.1.15.tgz",
      "integrity": "sha1-uKSCXVvbH8P29Twrwz+BOIaBx7w="
    },
    "safer-buffer": {
      "version": "2.1.2",
      "resolved": "https://registry.npm.taobao.org/safer-buffer/download/safer-buffer-2.1.2.tgz",
      "integrity": "sha1-RPoWGwGHuVSd2Eu5GAL5vYOFzWo="
    },
    "selderee": {
      "version": "0.6.0",
      "resolved": "https://registry.nlark.com/selderee/download/selderee-0.6.0.tgz",
      "integrity": "sha1-877mbP68tvM9+Y5KHfdziLQqlvc=",
      "requires": {
        "parseley": "^0.7.0"
      }
    },
    "smtp-server": {
      "version": "3.9.0",
      "resolved": "https://registry.nlark.com/smtp-server/download/smtp-server-3.9.0.tgz",
      "integrity": "sha1-X9858lkR8WB/bTwLgtriiRdhB4w=",
      "requires": {
        "base32.js": "0.1.0",
        "ipv6-normalize": "1.0.1",
        "nodemailer": "6.6.1"
      },
      "dependencies": {
        "nodemailer": {
          "version": "6.6.1",
          "resolved": "https://registry.npmmirror.com/nodemailer/download/nodemailer-6.6.1.tgz?cache=0&sync_timestamp=1634008269280&other_urls=https%3A%2F%2Fregistry.npmmirror.com%2Fnodemailer%2Fdownload%2Fnodemailer-6.6.1.tgz",
          "integrity": "sha1-KgX78gW4l9cb9DiEFntdTTvQG5k="
        }
      }
    },
    "tlds": {
      "version": "1.224.0",
      "resolved": "https://registry.npmmirror.com/tlds/download/tlds-1.224.0.tgz",
      "integrity": "sha1-3JpbC9oHCK8DAhFPbiRFh3DFrwE="
    },
    "uc.micro": {
      "version": "1.0.6",
      "resolved": "https://registry.npm.taobao.org/uc.micro/download/uc.micro-1.0.6.tgz",
      "integrity": "sha1-nEEagCpAmpH8bPdAgbq6NLJEmaw="
    }
  }
}
